// !$*UTF8*$!
{
	archiveVersion = 1;
	classes = {
	};
	objectVersion = 77;
	objects = {

/* Begin PBXBuildFile section */
		06D869CEAD01006CE5CB4B2E /* ProcessRunnerTests.swift in Sources */ = {isa = PBXBuildFile; fileRef = 5D61EA22BFAC556CCD684BD2 /* ProcessRunnerTests.swift */; };
		06EE879D28C99658320BDB02 /* PackageSizeAccountingTests.swift in Sources */ = {isa = PBXBuildFile; fileRef = 95C295A516A6B3367CF26CB5 /* PackageSizeAccountingTests.swift */; };
		0E74F63B1DB45BA50907D88F /* AppViewModelTests.swift in Sources */ = {isa = PBXBuildFile; fileRef = 7540E10570A3153498261B24 /* AppViewModelTests.swift */; };
		1672568D7720DF45AAA5B6F9 /* CleanupExecutor.swift in Sources */ = {isa = PBXBuildFile; fileRef = 9B8F97B01440904946F79273 /* CleanupExecutor.swift */; };
		230B8F645FA8EE964C1406B3 /* CommandRunner.swift in Sources */ = {isa = PBXBuildFile; fileRef = 09D7874DE569BB9D8E745CFF /* CommandRunner.swift */; };
		259A9291E3826CFA7C9EAFB7 /* CleanupProviderArchitectureTests.swift in Sources */ = {isa = PBXBuildFile; fileRef = C04D81FC3CF497A640488F53 /* CleanupProviderArchitectureTests.swift */; };
		25EEA3AF017E8FB3E10B0731 /* CleanupScanner.swift in Sources */ = {isa = PBXBuildFile; fileRef = 5B42D8EACD81A35E8D75BC6A /* CleanupScanner.swift */; };
		2750017343E997796F2AF6D8 /* CleanupScannerTests.swift in Sources */ = {isa = PBXBuildFile; fileRef = 7C710221D498F0349FC735E4 /* CleanupScannerTests.swift */; };
		289C9900828B56A7C6667DC8 /* DefenderHelperContract.swift in Sources */ = {isa = PBXBuildFile; fileRef = FAC9C33861F48DE265D01932 /* DefenderHelperContract.swift */; };
		28C6810E590430FD5F58EF05 /* DefenderHealthMonitorTests.swift in Sources */ = {isa = PBXBuildFile; fileRef = FA986F78C992FF40C2A75615 /* DefenderHealthMonitorTests.swift */; };
		2A88933AFF4235AD5EE3A839 /* SpaceMenderApp.swift in Sources */ = {isa = PBXBuildFile; fileRef = 6CD1EEAC57D2A2C1A09B1CE6 /* SpaceMenderApp.swift */; };
		2C800C921EE891AE95865BDA /* DefenderPrivilegedProviderTests.swift in Sources */ = {isa = PBXBuildFile; fileRef = 8EF656594472C12FF1002F50 /* DefenderPrivilegedProviderTests.swift */; };
		3B66EE98A0D208F937BDE107 /* CleanupProvider.swift in Sources */ = {isa = PBXBuildFile; fileRef = 1153B88507A64811D7E73293 /* CleanupProvider.swift */; };
		3BFAD871C46E543887D65649 /* BrowserProfileCacheCleanupProvider.swift in Sources */ = {isa = PBXBuildFile; fileRef = 367AEBE4CECBD668DFA3AAE6 /* BrowserProfileCacheCleanupProvider.swift */; };
		3C8004672B284BCD13302389 /* NpmCacheDiscoveryTests.swift in Sources */ = {isa = PBXBuildFile; fileRef = 04EA2520C96918AE8C5B461D /* NpmCacheDiscoveryTests.swift */; };
		3F459D3AB39F16B527719EE0 /* OverviewViewAccessibilityTests.swift in Sources */ = {isa = PBXBuildFile; fileRef = 2ACA71207976CE810534999B /* OverviewViewAccessibilityTests.swift */; };
		415AA87F766A4890BE733CAD /* HelperManagementView.swift in Sources */ = {isa = PBXBuildFile; fileRef = 724D5EEB502584D9B3F7627D /* HelperManagementView.swift */; };
		422BBC50EF0D0923AF8733B6 /* AppViewModel.swift in Sources */ = {isa = PBXBuildFile; fileRef = FCD73A6EF8FA7A7C0143CEC4 /* AppViewModel.swift */; };
		49AB38CB079F4E1102BD62FE /* DefenderHelperMain.swift in Sources */ = {isa = PBXBuildFile; fileRef = D3E8FA2F046DF0C4A8888663 /* DefenderHelperMain.swift */; };
		52F2C347DFA6463C57647D72 /* OverviewView.swift in Sources */ = {isa = PBXBuildFile; fileRef = 6756398626E66E521A9C4D36 /* OverviewView.swift */; };
		541D357D54AABBF6EDA9FB9C /* SimulatorActiveStateTests.swift in Sources */ = {isa = PBXBuildFile; fileRef = D581BABDAF747F87AFD570F9 /* SimulatorActiveStateTests.swift */; };
		58E6D6786A4305CA1DD7F381 /* CleanupItem.swift in Sources */ = {isa = PBXBuildFile; fileRef = 7B9F8620505326A8F3796016 /* CleanupItem.swift */; };
		62D3F966B6B3A520FC5754D7 /* HomebrewCleanupProviderTests.swift in Sources */ = {isa = PBXBuildFile; fileRef = 5EDA5FE48794C3B31CD8E362 /* HomebrewCleanupProviderTests.swift */; };
		65A3C1F279B0C384D2A263CE /* CleanupRule.swift in Sources */ = {isa = PBXBuildFile; fileRef = 82652066949A4482552DECBC /* CleanupRule.swift */; };
		6F7CB1A8DC002D33DE1B94C5 /* DestructiveConfirmationSafetyTests.swift in Sources */ = {isa = PBXBuildFile; fileRef = 382FBD36C12B6FEFEC8BA196 /* DestructiveConfirmationSafetyTests.swift */; };
		76DEB10473A1FD39B9579C83 /* OverviewModels.swift in Sources */ = {isa = PBXBuildFile; fileRef = BDB81691AFC15DBD6BDC34E5 /* OverviewModels.swift */; };
		8C6DFB9323B76E2954939539 /* DerivedDataAndUserLogsProviderTests.swift in Sources */ = {isa = PBXBuildFile; fileRef = D703FE231FC93289A8C9656D /* DerivedDataAndUserLogsProviderTests.swift */; };
		8D7EC07F7443E26FD72E1DE7 /* DefenderClientAuthorization.swift in Sources */ = {isa = PBXBuildFile; fileRef = 98E73FE630B416C328A84BB0 /* DefenderClientAuthorization.swift */; };
		8E4E6C6D110827B5541E1225 /* DefenderPrivilegedHelperSecurityTests.swift in Sources */ = {isa = PBXBuildFile; fileRef = B28359D225735503044D9F89 /* DefenderPrivilegedHelperSecurityTests.swift */; };
		90EFD8FC3B122CE953AEAB4D /* DefenderArchiveValidator.swift in Sources */ = {isa = PBXBuildFile; fileRef = 3195C3CE210C95DB0406174B /* DefenderArchiveValidator.swift */; };
		9DD06C2309640188A66D40C3 /* DefenderArchiveValidator.swift in Sources */ = {isa = PBXBuildFile; fileRef = 3195C3CE210C95DB0406174B /* DefenderArchiveValidator.swift */; };
		AA304F85F65A6B0556265E27 /* DefenderClientAuthorization.swift in Sources */ = {isa = PBXBuildFile; fileRef = 98E73FE630B416C328A84BB0 /* DefenderClientAuthorization.swift */; };
		AA6D60DDAFF0CA3AA1033F58 /* CleanupHistoryStore.swift in Sources */ = {isa = PBXBuildFile; fileRef = EE159F264BB79A54F9764CBA /* CleanupHistoryStore.swift */; };
		AE494DE0104C213163745814 /* OverviewCoordinator.swift in Sources */ = {isa = PBXBuildFile; fileRef = A2E06001AD79304519B05DDD /* OverviewCoordinator.swift */; };
		B367A9A18D36B02E8A541D19 /* CleanupRuleTests.swift in Sources */ = {isa = PBXBuildFile; fileRef = 4BBABE17266A925D7A69DBA4 /* CleanupRuleTests.swift */; };
		B6B897CC9AC679F646E7BC6E /* BrowserCacheCleanupProviderTests.swift in Sources */ = {isa = PBXBuildFile; fileRef = 6D82B08EF7EC4298FBC057C2 /* BrowserCacheCleanupProviderTests.swift */; };
		BA459BD10F5BB6A1047A267D /* NpmCacheDiscovery.swift in Sources */ = {isa = PBXBuildFile; fileRef = E2D457433BC745ACFD295777 /* NpmCacheDiscovery.swift */; };
		C637B5E2536C2D3FF1229EDE /* ProcessRunner.swift in Sources */ = {isa = PBXBuildFile; fileRef = 0C1C9EB17082AE17B2DE89CA /* ProcessRunner.swift */; };
		CD200041E5A21681AF313C9F /* DefenderHealthMonitor.swift in Sources */ = {isa = PBXBuildFile; fileRef = E15BB52A09A14C820C764045 /* DefenderHealthMonitor.swift */; };
		D186750F61950693D0A5C257 /* DefenderPrivilegedHelperClient.swift in Sources */ = {isa = PBXBuildFile; fileRef = DF3F7CC7FC36B2EBDC02F9F7 /* DefenderPrivilegedHelperClient.swift */; };
		D96247404A578C0E2F91785E /* DefenderHelperListenerDelegate.swift in Sources */ = {isa = PBXBuildFile; fileRef = C97E2785D3C7929DEA844485 /* DefenderHelperListenerDelegate.swift */; };
		DD106187347C5D8DD1686D32 /* DefenderHelperService.swift in Sources */ = {isa = PBXBuildFile; fileRef = A3EFFDFF036BAF7BE6FA3847 /* DefenderHelperService.swift */; };
		DEEF810A7A8FF3945D880F00 /* DefenderHelperContract.swift in Sources */ = {isa = PBXBuildFile; fileRef = FAC9C33861F48DE265D01932 /* DefenderHelperContract.swift */; };
		DF602A2086F312C9FE18FB9E /* ReleaseScriptSafetyTests.swift in Sources */ = {isa = PBXBuildFile; fileRef = 19898E364D1EC6EC1E30B66E /* ReleaseScriptSafetyTests.swift */; };
		DF79D8D5EF5F938C6777D2A4 /* DeveloperCacheCleanupProviderTests.swift in Sources */ = {isa = PBXBuildFile; fileRef = B9A2576741E311DCDEA170B1 /* DeveloperCacheCleanupProviderTests.swift */; };
		E1A95887B09DA63B79FED697 /* OverviewCoordinatorTests.swift in Sources */ = {isa = PBXBuildFile; fileRef = B37D8DCE9DA8DE348BFED57D /* OverviewCoordinatorTests.swift */; };
		E80FE8949F32D6AD9D0AA870 /* UserFacingError.swift in Sources */ = {isa = PBXBuildFile; fileRef = 86540C42E494F1AF8FC258BB /* UserFacingError.swift */; };
		EF61BD7B72FB6A210A25C0D1 /* ContentView.swift in Sources */ = {isa = PBXBuildFile; fileRef = 06242AF87E436C879D600BF8 /* ContentView.swift */; };
		F729CEF5CC09A8C7C5400801 /* UserFacingErrorTests.swift in Sources */ = {isa = PBXBuildFile; fileRef = 6916E3D743C36D87B63A31FB /* UserFacingErrorTests.swift */; };
		F7A2A54F5E68D32D5BF79459 /* CleanupExecutorTests.swift in Sources */ = {isa = PBXBuildFile; fileRef = CC34CD8719807EA0759C0AA7 /* CleanupExecutorTests.swift */; };
		F9E4168DB35C9814CE2E1C37 /* DefenderHelperContractTests.swift in Sources */ = {isa = PBXBuildFile; fileRef = 9D02DFD887E025FAF63BA58C /* DefenderHelperContractTests.swift */; };
/* End PBXBuildFile section */

/* Begin PBXContainerItemProxy section */
		714D11059B5FFFDDAE4B6874 /* PBXContainerItemProxy */ = {
			isa = PBXContainerItemProxy;
			containerPortal = 32CA9F9D6B7C9545CB99ECDE /* Project object */;
			proxyType = 1;
			remoteGlobalIDString = A44456A29FC5D282F7C5934E;
			remoteInfo = SpaceMender;
		};
		F262F5FEA603F4CA7318E012 /* PBXContainerItemProxy */ = {
			isa = PBXContainerItemProxy;
			containerPortal = 32CA9F9D6B7C9545CB99ECDE /* Project object */;
			proxyType = 1;
			remoteGlobalIDString = 557F9D5B58F0D2C5829BB290;
			remoteInfo = SpaceMenderDefenderHelper;
		};
/* End PBXContainerItemProxy section */

/* Begin PBXFileReference section */
		04EA2520C96918AE8C5B461D /* NpmCacheDiscoveryTests.swift */ = {isa = PBXFileReference; lastKnownFileType = sourcecode.swift; path = NpmCacheDiscoveryTests.swift; sourceTree = "<group>"; };
		06242AF87E436C879D600BF8 /* ContentView.swift */ = {isa = PBXFileReference; lastKnownFileType = sourcecode.swift; path = ContentView.swift; sourceTree = "<group>"; };
		09D7874DE569BB9D8E745CFF /* CommandRunner.swift */ = {isa = PBXFileReference; lastKnownFileType = sourcecode.swift; path = CommandRunner.swift; sourceTree = "<group>"; };
		0C1C9EB17082AE17B2DE89CA /* ProcessRunner.swift */ = {isa = PBXFileReference; lastKnownFileType = sourcecode.swift; path = ProcessRunner.swift; sourceTree = "<group>"; };
		1153B88507A64811D7E73293 /* CleanupProvider.swift */ = {isa = PBXFileReference; lastKnownFileType = sourcecode.swift; path = CleanupProvider.swift; sourceTree = "<group>"; };
		19898E364D1EC6EC1E30B66E /* ReleaseScriptSafetyTests.swift */ = {isa = PBXFileReference; lastKnownFileType = sourcecode.swift; path = ReleaseScriptSafetyTests.swift; sourceTree = "<group>"; };
		2ACA71207976CE810534999B /* OverviewViewAccessibilityTests.swift */ = {isa = PBXFileReference; lastKnownFileType = sourcecode.swift; path = OverviewViewAccessibilityTests.swift; sourceTree = "<group>"; };
		3195C3CE210C95DB0406174B /* DefenderArchiveValidator.swift */ = {isa = PBXFileReference; lastKnownFileType = sourcecode.swift; path = DefenderArchiveValidator.swift; sourceTree = "<group>"; };
		367AEBE4CECBD668DFA3AAE6 /* BrowserProfileCacheCleanupProvider.swift */ = {isa = PBXFileReference; lastKnownFileType = sourcecode.swift; path = BrowserProfileCacheCleanupProvider.swift; sourceTree = "<group>"; };
		382FBD36C12B6FEFEC8BA196 /* DestructiveConfirmationSafetyTests.swift */ = {isa = PBXFileReference; lastKnownFileType = sourcecode.swift; path = DestructiveConfirmationSafetyTests.swift; sourceTree = "<group>"; };
		4BBABE17266A925D7A69DBA4 /* CleanupRuleTests.swift */ = {isa = PBXFileReference; lastKnownFileType = sourcecode.swift; path = CleanupRuleTests.swift; sourceTree = "<group>"; };
		5B42D8EACD81A35E8D75BC6A /* CleanupScanner.swift */ = {isa = PBXFileReference; lastKnownFileType = sourcecode.swift; path = CleanupScanner.swift; sourceTree = "<group>"; };
		5D61EA22BFAC556CCD684BD2 /* ProcessRunnerTests.swift */ = {isa = PBXFileReference; lastKnownFileType = sourcecode.swift; path = ProcessRunnerTests.swift; sourceTree = "<group>"; };
		5EDA5FE48794C3B31CD8E362 /* HomebrewCleanupProviderTests.swift */ = {isa = PBXFileReference; lastKnownFileType = sourcecode.swift; path = HomebrewCleanupProviderTests.swift; sourceTree = "<group>"; };
		6756398626E66E521A9C4D36 /* OverviewView.swift */ = {isa = PBXFileReference; lastKnownFileType = sourcecode.swift; path = OverviewView.swift; sourceTree = "<group>"; };
		6916E3D743C36D87B63A31FB /* UserFacingErrorTests.swift */ = {isa = PBXFileReference; lastKnownFileType = sourcecode.swift; path = UserFacingErrorTests.swift; sourceTree = "<group>"; };
		6CD1EEAC57D2A2C1A09B1CE6 /* SpaceMenderApp.swift */ = {isa = PBXFileReference; lastKnownFileType = sourcecode.swift; path = SpaceMenderApp.swift; sourceTree = "<group>"; };
		6D82B08EF7EC4298FBC057C2 /* BrowserCacheCleanupProviderTests.swift */ = {isa = PBXFileReference; lastKnownFileType = sourcecode.swift; path = BrowserCacheCleanupProviderTests.swift; sourceTree = "<group>"; };
		724D5EEB502584D9B3F7627D /* HelperManagementView.swift */ = {isa = PBXFileReference; lastKnownFileType = sourcecode.swift; path = HelperManagementView.swift; sourceTree = "<group>"; };
		7540E10570A3153498261B24 /* AppViewModelTests.swift */ = {isa = PBXFileReference; lastKnownFileType = sourcecode.swift; path = AppViewModelTests.swift; sourceTree = "<group>"; };
		7B9F8620505326A8F3796016 /* CleanupItem.swift */ = {isa = PBXFileReference; lastKnownFileType = sourcecode.swift; path = CleanupItem.swift; sourceTree = "<group>"; };
		7C710221D498F0349FC735E4 /* CleanupScannerTests.swift */ = {isa = PBXFileReference; lastKnownFileType = sourcecode.swift; path = CleanupScannerTests.swift; sourceTree = "<group>"; };
		82652066949A4482552DECBC /* CleanupRule.swift */ = {isa = PBXFileReference; lastKnownFileType = sourcecode.swift; path = CleanupRule.swift; sourceTree = "<group>"; };
		86540C42E494F1AF8FC258BB /* UserFacingError.swift */ = {isa = PBXFileReference; lastKnownFileType = sourcecode.swift; path = UserFacingError.swift; sourceTree = "<group>"; };
		8EF656594472C12FF1002F50 /* DefenderPrivilegedProviderTests.swift */ = {isa = PBXFileReference; lastKnownFileType = sourcecode.swift; path = DefenderPrivilegedProviderTests.swift; sourceTree = "<group>"; };
		95C295A516A6B3367CF26CB5 /* PackageSizeAccountingTests.swift */ = {isa = PBXFileReference; lastKnownFileType = sourcecode.swift; path = PackageSizeAccountingTests.swift; sourceTree = "<group>"; };
		98E73FE630B416C328A84BB0 /* DefenderClientAuthorization.swift */ = {isa = PBXFileReference; lastKnownFileType = sourcecode.swift; path = DefenderClientAuthorization.swift; sourceTree = "<group>"; };
		9B8F97B01440904946F79273 /* CleanupExecutor.swift */ = {isa = PBXFileReference; lastKnownFileType = sourcecode.swift; path = CleanupExecutor.swift; sourceTree = "<group>"; };
		9D02DFD887E025FAF63BA58C /* DefenderHelperContractTests.swift */ = {isa = PBXFileReference; lastKnownFileType = sourcecode.swift; path = DefenderHelperContractTests.swift; sourceTree = "<group>"; };
		A2E06001AD79304519B05DDD /* OverviewCoordinator.swift */ = {isa = PBXFileReference; lastKnownFileType = sourcecode.swift; path = OverviewCoordinator.swift; sourceTree = "<group>"; };
		A3EFFDFF036BAF7BE6FA3847 /* DefenderHelperService.swift */ = {isa = PBXFileReference; lastKnownFileType = sourcecode.swift; path = DefenderHelperService.swift; sourceTree = "<group>"; };
		B28359D225735503044D9F89 /* DefenderPrivilegedHelperSecurityTests.swift */ = {isa = PBXFileReference; lastKnownFileType = sourcecode.swift; path = DefenderPrivilegedHelperSecurityTests.swift; sourceTree = "<group>"; };
		B37D8DCE9DA8DE348BFED57D /* OverviewCoordinatorTests.swift */ = {isa = PBXFileReference; lastKnownFileType = sourcecode.swift; path = OverviewCoordinatorTests.swift; sourceTree = "<group>"; };
		B46F8ADCA76C78FD1145D894 /* SpaceMender.app */ = {isa = PBXFileReference; explicitFileType = wrapper.application; includeInIndex = 0; path = SpaceMender.app; sourceTree = BUILT_PRODUCTS_DIR; };
		B9A2576741E311DCDEA170B1 /* DeveloperCacheCleanupProviderTests.swift */ = {isa = PBXFileReference; lastKnownFileType = sourcecode.swift; path = DeveloperCacheCleanupProviderTests.swift; sourceTree = "<group>"; };
		BDB81691AFC15DBD6BDC34E5 /* OverviewModels.swift */ = {isa = PBXFileReference; lastKnownFileType = sourcecode.swift; path = OverviewModels.swift; sourceTree = "<group>"; };
		C04D81FC3CF497A640488F53 /* CleanupProviderArchitectureTests.swift */ = {isa = PBXFileReference; lastKnownFileType = sourcecode.swift; path = CleanupProviderArchitectureTests.swift; sourceTree = "<group>"; };
		C63EDDBC9093767EAF9083C8 /* SpaceMenderDefenderHelper */ = {isa = PBXFileReference; includeInIndex = 0; path = SpaceMenderDefenderHelper; sourceTree = BUILT_PRODUCTS_DIR; };
		C97E2785D3C7929DEA844485 /* DefenderHelperListenerDelegate.swift */ = {isa = PBXFileReference; lastKnownFileType = sourcecode.swift; path = DefenderHelperListenerDelegate.swift; sourceTree = "<group>"; };
		CC34CD8719807EA0759C0AA7 /* CleanupExecutorTests.swift */ = {isa = PBXFileReference; lastKnownFileType = sourcecode.swift; path = CleanupExecutorTests.swift; sourceTree = "<group>"; };
		D3E8FA2F046DF0C4A8888663 /* DefenderHelperMain.swift */ = {isa = PBXFileReference; lastKnownFileType = sourcecode.swift; path = DefenderHelperMain.swift; sourceTree = "<group>"; };
		D581BABDAF747F87AFD570F9 /* SimulatorActiveStateTests.swift */ = {isa = PBXFileReference; lastKnownFileType = sourcecode.swift; path = SimulatorActiveStateTests.swift; sourceTree = "<group>"; };
		D703FE231FC93289A8C9656D /* DerivedDataAndUserLogsProviderTests.swift */ = {isa = PBXFileReference; lastKnownFileType = sourcecode.swift; path = DerivedDataAndUserLogsProviderTests.swift; sourceTree = "<group>"; };
		DF3F7CC7FC36B2EBDC02F9F7 /* DefenderPrivilegedHelperClient.swift */ = {isa = PBXFileReference; lastKnownFileType = sourcecode.swift; path = DefenderPrivilegedHelperClient.swift; sourceTree = "<group>"; };
		E15BB52A09A14C820C764045 /* DefenderHealthMonitor.swift */ = {isa = PBXFileReference; lastKnownFileType = sourcecode.swift; path = DefenderHealthMonitor.swift; sourceTree = "<group>"; };
		E2D457433BC745ACFD295777 /* NpmCacheDiscovery.swift */ = {isa = PBXFileReference; lastKnownFileType = sourcecode.swift; path = NpmCacheDiscovery.swift; sourceTree = "<group>"; };
		EE159F264BB79A54F9764CBA /* CleanupHistoryStore.swift */ = {isa = PBXFileReference; lastKnownFileType = sourcecode.swift; path = CleanupHistoryStore.swift; sourceTree = "<group>"; };
		F5D612DC7C6D2453862BDF07 /* SpaceMenderTests.xctest */ = {isa = PBXFileReference; explicitFileType = wrapper.cfbundle; includeInIndex = 0; path = SpaceMenderTests.xctest; sourceTree = BUILT_PRODUCTS_DIR; };
		FA986F78C992FF40C2A75615 /* DefenderHealthMonitorTests.swift */ = {isa = PBXFileReference; lastKnownFileType = sourcecode.swift; path = DefenderHealthMonitorTests.swift; sourceTree = "<group>"; };
		FAC9C33861F48DE265D01932 /* DefenderHelperContract.swift */ = {isa = PBXFileReference; lastKnownFileType = sourcecode.swift; path = DefenderHelperContract.swift; sourceTree = "<group>"; };
		FCD73A6EF8FA7A7C0143CEC4 /* AppViewModel.swift */ = {isa = PBXFileReference; lastKnownFileType = sourcecode.swift; path = AppViewModel.swift; sourceTree = "<group>"; };
/* End PBXFileReference section */

/* Begin PBXGroup section */
		0F21B3F2A2F6FB1D83D493D9 /* Sources */ = {
			isa = PBXGroup;
			children = (
				6CD1EEAC57D2A2C1A09B1CE6 /* SpaceMenderApp.swift */,
				1DC645B934DAC64F5A7291B5 /* Models */,
				F7ACFD3AA019241EA0DDFA93 /* PrivilegedHelperShared */,
				B71208412061413E3F35BE7A /* Services */,
				F7BD2F3E5FD3CC99310C778E /* ViewModels */,
				24746D96EF3AEEABE16CC054 /* Views */,
			);
			path = Sources;
			sourceTree = "<group>";
		};
		1DC645B934DAC64F5A7291B5 /* Models */ = {
			isa = PBXGroup;
			children = (
				7B9F8620505326A8F3796016 /* CleanupItem.swift */,
				82652066949A4482552DECBC /* CleanupRule.swift */,
				BDB81691AFC15DBD6BDC34E5 /* OverviewModels.swift */,
				86540C42E494F1AF8FC258BB /* UserFacingError.swift */,
			);
			path = Models;
			sourceTree = "<group>";
		};
		24746D96EF3AEEABE16CC054 /* Views */ = {
			isa = PBXGroup;
			children = (
				06242AF87E436C879D600BF8 /* ContentView.swift */,
				724D5EEB502584D9B3F7627D /* HelperManagementView.swift */,
				6756398626E66E521A9C4D36 /* OverviewView.swift */,
			);
			path = Views;
			sourceTree = "<group>";
		};
		31091EDC32DD3C0F226949DC /* Products */ = {
			isa = PBXGroup;
			children = (
				B46F8ADCA76C78FD1145D894 /* SpaceMender.app */,
				C63EDDBC9093767EAF9083C8 /* SpaceMenderDefenderHelper */,
				F5D612DC7C6D2453862BDF07 /* SpaceMenderTests.xctest */,
			);
			name = Products;
			sourceTree = "<group>";
		};
		400F3C1B6EECB3E9D6CEE0A6 = {
			isa = PBXGroup;
			children = (
				C224A365357DC2B0DEFC20FE /* HelperSources */,
				0F21B3F2A2F6FB1D83D493D9 /* Sources */,
				D19985A12D96878ADB145FFB /* Tests */,
				31091EDC32DD3C0F226949DC /* Products */,
			);
			sourceTree = "<group>";
		};
		B71208412061413E3F35BE7A /* Services */ = {
			isa = PBXGroup;
			children = (
				367AEBE4CECBD668DFA3AAE6 /* BrowserProfileCacheCleanupProvider.swift */,
				9B8F97B01440904946F79273 /* CleanupExecutor.swift */,
				EE159F264BB79A54F9764CBA /* CleanupHistoryStore.swift */,
				1153B88507A64811D7E73293 /* CleanupProvider.swift */,
				5B42D8EACD81A35E8D75BC6A /* CleanupScanner.swift */,
				09D7874DE569BB9D8E745CFF /* CommandRunner.swift */,
				E15BB52A09A14C820C764045 /* DefenderHealthMonitor.swift */,
				DF3F7CC7FC36B2EBDC02F9F7 /* DefenderPrivilegedHelperClient.swift */,
				E2D457433BC745ACFD295777 /* NpmCacheDiscovery.swift */,
				A2E06001AD79304519B05DDD /* OverviewCoordinator.swift */,
				0C1C9EB17082AE17B2DE89CA /* ProcessRunner.swift */,
			);
			path = Services;
			sourceTree = "<group>";
		};
		C224A365357DC2B0DEFC20FE /* HelperSources */ = {
			isa = PBXGroup;
			children = (
				C97E2785D3C7929DEA844485 /* DefenderHelperListenerDelegate.swift */,
				D3E8FA2F046DF0C4A8888663 /* DefenderHelperMain.swift */,
				A3EFFDFF036BAF7BE6FA3847 /* DefenderHelperService.swift */,
			);
			path = HelperSources;
			sourceTree = "<group>";
		};
		D19985A12D96878ADB145FFB /* Tests */ = {
			isa = PBXGroup;
			children = (
				7540E10570A3153498261B24 /* AppViewModelTests.swift */,
				6D82B08EF7EC4298FBC057C2 /* BrowserCacheCleanupProviderTests.swift */,
				CC34CD8719807EA0759C0AA7 /* CleanupExecutorTests.swift */,
				C04D81FC3CF497A640488F53 /* CleanupProviderArchitectureTests.swift */,
				4BBABE17266A925D7A69DBA4 /* CleanupRuleTests.swift */,
				7C710221D498F0349FC735E4 /* CleanupScannerTests.swift */,
				FA986F78C992FF40C2A75615 /* DefenderHealthMonitorTests.swift */,
				9D02DFD887E025FAF63BA58C /* DefenderHelperContractTests.swift */,
				B28359D225735503044D9F89 /* DefenderPrivilegedHelperSecurityTests.swift */,
				8EF656594472C12FF1002F50 /* DefenderPrivilegedProviderTests.swift */,
				D703FE231FC93289A8C9656D /* DerivedDataAndUserLogsProviderTests.swift */,
				382FBD36C12B6FEFEC8BA196 /* DestructiveConfirmationSafetyTests.swift */,
				B9A2576741E311DCDEA170B1 /* DeveloperCacheCleanupProviderTests.swift */,
				5EDA5FE48794C3B31CD8E362 /* HomebrewCleanupProviderTests.swift */,
				04EA2520C96918AE8C5B461D /* NpmCacheDiscoveryTests.swift */,
				B37D8DCE9DA8DE348BFED57D /* OverviewCoordinatorTests.swift */,
				2ACA71207976CE810534999B /* OverviewViewAccessibilityTests.swift */,
				95C295A516A6B3367CF26CB5 /* PackageSizeAccountingTests.swift */,
				5D61EA22BFAC556CCD684BD2 /* ProcessRunnerTests.swift */,
				19898E364D1EC6EC1E30B66E /* ReleaseScriptSafetyTests.swift */,
				D581BABDAF747F87AFD570F9 /* SimulatorActiveStateTests.swift */,
				6916E3D743C36D87B63A31FB /* UserFacingErrorTests.swift */,
			);
			path = Tests;
			sourceTree = "<group>";
		};
		F7ACFD3AA019241EA0DDFA93 /* PrivilegedHelperShared */ = {
			isa = PBXGroup;
			children = (
				3195C3CE210C95DB0406174B /* DefenderArchiveValidator.swift */,
				98E73FE630B416C328A84BB0 /* DefenderClientAuthorization.swift */,
				FAC9C33861F48DE265D01932 /* DefenderHelperContract.swift */,
			);
			path = PrivilegedHelperShared;
			sourceTree = "<group>";
		};
		F7BD2F3E5FD3CC99310C778E /* ViewModels */ = {
			isa = PBXGroup;
			children = (
				FCD73A6EF8FA7A7C0143CEC4 /* AppViewModel.swift */,
			);
			path = ViewModels;
			sourceTree = "<group>";
		};
/* End PBXGroup section */

/* Begin PBXNativeTarget section */
		4911EB795B896E66FEFDD1F1 /* SpaceMenderTests */ = {
			isa = PBXNativeTarget;
			buildConfigurationList = F5F940775F6B2D4277E260EF /* Build configuration list for PBXNativeTarget "SpaceMenderTests" */;
			buildPhases = (
				BC079D73E49F8611823B9260 /* Sources */,
			);
			buildRules = (
			);
			dependencies = (
				9E1E54E4BD06AD0672392E5B /* PBXTargetDependency */,
			);
			name = SpaceMenderTests;
			packageProductDependencies = (
			);
			productName = SpaceMenderTests;
			productReference = F5D612DC7C6D2453862BDF07 /* SpaceMenderTests.xctest */;
			productType = "com.apple.product-type.bundle.unit-test";
		};
		557F9D5B58F0D2C5829BB290 /* SpaceMenderDefenderHelper */ = {
			isa = PBXNativeTarget;
			buildConfigurationList = 7FBC11582CBDCB59C11807D2 /* Build configuration list for PBXNativeTarget "SpaceMenderDefenderHelper" */;
			buildPhases = (
				2D38AA0D09D5023C705B979B /* Sources */,
			);
			buildRules = (
			);
			dependencies = (
			);
			name = SpaceMenderDefenderHelper;
			packageProductDependencies = (
			);
			productName = SpaceMenderDefenderHelper;
			productReference = C63EDDBC9093767EAF9083C8 /* SpaceMenderDefenderHelper */;
			productType = "com.apple.product-type.tool";
		};
		A44456A29FC5D282F7C5934E /* SpaceMender */ = {
			isa = PBXNativeTarget;
			buildConfigurationList = E951C87481B6C7F43A5293C8 /* Build configuration list for PBXNativeTarget "SpaceMender" */;
			buildPhases = (
				965C8BDC7676773A3CD799D8 /* Sources */,
				9CCDDE344E9B5C0F532BBEAF /* Embed privileged helper */,
			);
			buildRules = (
			);
			dependencies = (
				E7D55080B9DFCCD0E4B906EA /* PBXTargetDependency */,
			);
			name = SpaceMender;
			packageProductDependencies = (
			);
			productName = SpaceMender;
			productReference = B46F8ADCA76C78FD1145D894 /* SpaceMender.app */;
			productType = "com.apple.product-type.application";
		};
/* End PBXNativeTarget section */

/* Begin PBXProject section */
		32CA9F9D6B7C9545CB99ECDE /* Project object */ = {
			isa = PBXProject;
			attributes = {
				BuildIndependentTargetsInParallel = YES;
				LastUpgradeCheck = 1430;
				TargetAttributes = {
					4911EB795B896E66FEFDD1F1 = {
						ProvisioningStyle = Manual;
					};
					557F9D5B58F0D2C5829BB290 = {
						ProvisioningStyle = Manual;
					};
					A44456A29FC5D282F7C5934E = {
						ProvisioningStyle = Manual;
					};
				};
			};
			buildConfigurationList = 3413C123DFCDDDD840F2272F /* Build configuration list for PBXProject "SpaceMender" */;
			developmentRegion = en;
			hasScannedForEncodings = 0;
			knownRegions = (
				Base,
				en,
			);
			mainGroup = 400F3C1B6EECB3E9D6CEE0A6;
			minimizedProjectReferenceProxies = 1;
			preferredProjectObjectVersion = 77;
			productRefGroup = 31091EDC32DD3C0F226949DC /* Products */;
			projectDirPath = "";
			projectRoot = "";
			targets = (
				A44456A29FC5D282F7C5934E /* SpaceMender */,
				557F9D5B58F0D2C5829BB290 /* SpaceMenderDefenderHelper */,
				4911EB795B896E66FEFDD1F1 /* SpaceMenderTests */,
			);
		};
/* End PBXProject section */

/* Begin PBXShellScriptBuildPhase section */
		9CCDDE344E9B5C0F532BBEAF /* Embed privileged helper */ = {
			isa = PBXShellScriptBuildPhase;
			buildActionMask = 2147483647;
			files = (
			);
			inputFileListPaths = (
			);
			inputPaths = (
			);
			name = "Embed privileged helper";
			outputFileListPaths = (
			);
			outputPaths = (
				"$(TARGET_BUILD_DIR)/$(CONTENTS_FOLDER_PATH)/MacOS/SpaceMenderDefenderHelper",
				"$(TARGET_BUILD_DIR)/$(CONTENTS_FOLDER_PATH)/Library/LaunchDaemons/app.spacemender.SpaceMender.DefenderHelper.plist",
			);
			runOnlyForDeploymentPostprocessing = 0;
			shellPath = /bin/sh;
			shellScript = "set -eu\nhelper_dir=\"${TARGET_BUILD_DIR}/${CONTENTS_FOLDER_PATH}/MacOS\"\ndaemon_dir=\"${TARGET_BUILD_DIR}/${CONTENTS_FOLDER_PATH}/Library/LaunchDaemons\"\nmkdir -p \"$helper_dir\" \"$daemon_dir\"\nditto \"${BUILT_PRODUCTS_DIR}/SpaceMenderDefenderHelper\" \"$helper_dir/SpaceMenderDefenderHelper\"\nditto \"${SRCROOT}/Configuration/app.spacemender.SpaceMender.DefenderHelper.plist\" \\\n  \"$daemon_dir/app.spacemender.SpaceMender.DefenderHelper.plist\"\n";
		};
/* End PBXShellScriptBuildPhase section */

/* Begin PBXSourcesBuildPhase section */
		2D38AA0D09D5023C705B979B /* Sources */ = {
			isa = PBXSourcesBuildPhase;
			buildActionMask = 2147483647;
			files = (
				9DD06C2309640188A66D40C3 /* DefenderArchiveValidator.swift in Sources */,
				AA304F85F65A6B0556265E27 /* DefenderClientAuthorization.swift in Sources */,
				DEEF810A7A8FF3945D880F00 /* DefenderHelperContract.swift in Sources */,
				D96247404A578C0E2F91785E /* DefenderHelperListenerDelegate.swift in Sources */,
				49AB38CB079F4E1102BD62FE /* DefenderHelperMain.swift in Sources */,
				DD106187347C5D8DD1686D32 /* DefenderHelperService.swift in Sources */,
			);
			runOnlyForDeploymentPostprocessing = 0;
		};
		965C8BDC7676773A3CD799D8 /* Sources */ = {
			isa = PBXSourcesBuildPhase;
			buildActionMask = 2147483647;
			files = (
				422BBC50EF0D0923AF8733B6 /* AppViewModel.swift in Sources */,
				3BFAD871C46E543887D65649 /* BrowserProfileCacheCleanupProvider.swift in Sources */,
				1672568D7720DF45AAA5B6F9 /* CleanupExecutor.swift in Sources */,
				AA6D60DDAFF0CA3AA1033F58 /* CleanupHistoryStore.swift in Sources */,
				58E6D6786A4305CA1DD7F381 /* CleanupItem.swift in Sources */,
				3B66EE98A0D208F937BDE107 /* CleanupProvider.swift in Sources */,
				65A3C1F279B0C384D2A263CE /* CleanupRule.swift in Sources */,
				25EEA3AF017E8FB3E10B0731 /* CleanupScanner.swift in Sources */,
				230B8F645FA8EE964C1406B3 /* CommandRunner.swift in Sources */,
				EF61BD7B72FB6A210A25C0D1 /* ContentView.swift in Sources */,
				90EFD8FC3B122CE953AEAB4D /* DefenderArchiveValidator.swift in Sources */,
				8D7EC07F7443E26FD72E1DE7 /* DefenderClientAuthorization.swift in Sources */,
				CD200041E5A21681AF313C9F /* DefenderHealthMonitor.swift in Sources */,
				289C9900828B56A7C6667DC8 /* DefenderHelperContract.swift in Sources */,
				D186750F61950693D0A5C257 /* DefenderPrivilegedHelperClient.swift in Sources */,
				415AA87F766A4890BE733CAD /* HelperManagementView.swift in Sources */,
				BA459BD10F5BB6A1047A267D /* NpmCacheDiscovery.swift in Sources */,
				AE494DE0104C213163745814 /* OverviewCoordinator.swift in Sources */,
				76DEB10473A1FD39B9579C83 /* OverviewModels.swift in Sources */,
				52F2C347DFA6463C57647D72 /* OverviewView.swift in Sources */,
				C637B5E2536C2D3FF1229EDE /* ProcessRunner.swift in Sources */,
				2A88933AFF4235AD5EE3A839 /* SpaceMenderApp.swift in Sources */,
				E80FE8949F32D6AD9D0AA870 /* UserFacingError.swift in Sources */,
			);
			runOnlyForDeploymentPostprocessing = 0;
		};
		BC079D73E49F8611823B9260 /* Sources */ = {
			isa = PBXSourcesBuildPhase;
			buildActionMask = 2147483647;
			files = (
				0E74F63B1DB45BA50907D88F /* AppViewModelTests.swift in Sources */,
				B6B897CC9AC679F646E7BC6E /* BrowserCacheCleanupProviderTests.swift in Sources */,
				F7A2A54F5E68D32D5BF79459 /* CleanupExecutorTests.swift in Sources */,
				259A9291E3826CFA7C9EAFB7 /* CleanupProviderArchitectureTests.swift in Sources */,
				B367A9A18D36B02E8A541D19 /* CleanupRuleTests.swift in Sources */,
				2750017343E997796F2AF6D8 /* CleanupScannerTests.swift in Sources */,
				28C6810E590430FD5F58EF05 /* DefenderHealthMonitorTests.swift in Sources */,
				F9E4168DB35C9814CE2E1C37 /* DefenderHelperContractTests.swift in Sources */,
				8E4E6C6D110827B5541E1225 /* DefenderPrivilegedHelperSecurityTests.swift in Sources */,
				2C800C921EE891AE95865BDA /* DefenderPrivilegedProviderTests.swift in Sources */,
				8C6DFB9323B76E2954939539 /* DerivedDataAndUserLogsProviderTests.swift in Sources */,
				6F7CB1A8DC002D33DE1B94C5 /* DestructiveConfirmationSafetyTests.swift in Sources */,
				DF79D8D5EF5F938C6777D2A4 /* DeveloperCacheCleanupProviderTests.swift in Sources */,
				62D3F966B6B3A520FC5754D7 /* HomebrewCleanupProviderTests.swift in Sources */,
				3C8004672B284BCD13302389 /* NpmCacheDiscoveryTests.swift in Sources */,
				E1A95887B09DA63B79FED697 /* OverviewCoordinatorTests.swift in Sources */,
				3F459D3AB39F16B527719EE0 /* OverviewViewAccessibilityTests.swift in Sources */,
				06EE879D28C99658320BDB02 /* PackageSizeAccountingTests.swift in Sources */,
				06D869CEAD01006CE5CB4B2E /* ProcessRunnerTests.swift in Sources */,
				DF602A2086F312C9FE18FB9E /* ReleaseScriptSafetyTests.swift in Sources */,
				541D357D54AABBF6EDA9FB9C /* SimulatorActiveStateTests.swift in Sources */,
				F729CEF5CC09A8C7C5400801 /* UserFacingErrorTests.swift in Sources */,
			);
			runOnlyForDeploymentPostprocessing = 0;
		};
/* End PBXSourcesBuildPhase section */

/* Begin PBXTargetDependency section */
		9E1E54E4BD06AD0672392E5B /* PBXTargetDependency */ = {
			isa = PBXTargetDependency;
			target = A44456A29FC5D282F7C5934E /* SpaceMender */;
			targetProxy = 714D11059B5FFFDDAE4B6874 /* PBXContainerItemProxy */;
		};
		E7D55080B9DFCCD0E4B906EA /* PBXTargetDependency */ = {
			isa = PBXTargetDependency;
			target = 557F9D5B58F0D2C5829BB290 /* SpaceMenderDefenderHelper */;
			targetProxy = F262F5FEA603F4CA7318E012 /* PBXContainerItemProxy */;
		};
/* End PBXTargetDependency section */

/* Begin XCBuildConfiguration section */
		1CE1BE73B0BD1E80E5848B0C /* Release */ = {
			isa = XCBuildConfiguration;
			buildSettings = {
				BUNDLE_LOADER = "$(TEST_HOST)";
				CODE_SIGN_IDENTITY = "-";
				CODE_SIGN_STYLE = Manual;
				COMBINE_HIDPI_IMAGES = YES;
				GENERATE_INFOPLIST_FILE = YES;
				LD_RUNPATH_SEARCH_PATHS = (
					"$(inherited)",
					"@executable_path/../Frameworks",
					"@loader_path/../Frameworks",
				);
				PRODUCT_BUNDLE_IDENTIFIER = app.spacemender.SpaceMenderTests;
				SDKROOT = macosx;
				TEST_HOST = "$(BUILT_PRODUCTS_DIR)/SpaceMender.app/Contents/MacOS/SpaceMender";
			};
			name = Release;
		};
		51E02B20838D8E4FE10F8090 /* Debug */ = {
			isa = XCBuildConfiguration;
			buildSettings = {
				ALWAYS_SEARCH_USER_PATHS = NO;
				CLANG_ANALYZER_NONNULL = YES;
				CLANG_ANALYZER_NUMBER_OBJECT_CONVERSION = YES_AGGRESSIVE;
				CLANG_CXX_LANGUAGE_STANDARD = "gnu++14";
				CLANG_CXX_LIBRARY = "libc++";
				CLANG_ENABLE_MODULES = YES;
				CLANG_ENABLE_OBJC_ARC = YES;
				CLANG_ENABLE_OBJC_WEAK = YES;
				CLANG_WARN_BLOCK_CAPTURE_AUTORELEASING = YES;
				CLANG_WARN_BOOL_CONVERSION = YES;
				CLANG_WARN_COMMA = YES;
				CLANG_WARN_CONSTANT_CONVERSION = YES;
				CLANG_WARN_DEPRECATED_OBJC_IMPLEMENTATIONS = YES;
				CLANG_WARN_DIRECT_OBJC_ISA_USAGE = YES_ERROR;
				CLANG_WARN_DOCUMENTATION_COMMENTS = YES;
				CLANG_WARN_EMPTY_BODY = YES;
				CLANG_WARN_ENUM_CONVERSION = YES;
				CLANG_WARN_INFINITE_RECURSION = YES;
				CLANG_WARN_INT_CONVERSION = YES;
				CLANG_WARN_NON_LITERAL_NULL_CONVERSION = YES;
				CLANG_WARN_OBJC_IMPLICIT_RETAIN_SELF = YES;
				CLANG_WARN_OBJC_LITERAL_CONVERSION = YES;
				CLANG_WARN_OBJC_ROOT_CLASS = YES_ERROR;
				CLANG_WARN_QUOTED_INCLUDE_IN_FRAMEWORK_HEADER = YES;
				CLANG_WARN_RANGE_LOOP_ANALYSIS = YES;
				CLANG_WARN_STRICT_PROTOTYPES = YES;
				CLANG_WARN_SUSPICIOUS_MOVE = YES;
				CLANG_WARN_UNGUARDED_AVAILABILITY = YES_AGGRESSIVE;
				CLANG_WARN_UNREACHABLE_CODE = YES;
				CLANG_WARN__DUPLICATE_METHOD_MATCH = YES;
				COPY_PHASE_STRIP = NO;
				CURRENT_PROJECT_VERSION = 1;
				DEBUG_INFORMATION_FORMAT = dwarf;
				ENABLE_STRICT_OBJC_MSGSEND = YES;
				ENABLE_TESTABILITY = YES;
				GCC_C_LANGUAGE_STANDARD = gnu11;
				GCC_DYNAMIC_NO_PIC = NO;
				GCC_NO_COMMON_BLOCKS = YES;
				GCC_OPTIMIZATION_LEVEL = 0;
				GCC_PREPROCESSOR_DEFINITIONS = (
					"$(inherited)",
					"DEBUG=1",
				);
				GCC_WARN_64_TO_32_BIT_CONVERSION = YES;
				GCC_WARN_ABOUT_RETURN_TYPE = YES_ERROR;
				GCC_WARN_UNDECLARED_SELECTOR = YES;
				GCC_WARN_UNINITIALIZED_AUTOS = YES_AGGRESSIVE;
				GCC_WARN_UNUSED_FUNCTION = YES;
				GCC_WARN_UNUSED_VARIABLE = YES;
				MACOSX_DEPLOYMENT_TARGET = 14.0;
				MARKETING_VERSION = 0.1.0;
				MTL_ENABLE_DEBUG_INFO = INCLUDE_SOURCE;
				MTL_FAST_MATH = YES;
				ONLY_ACTIVE_ARCH = YES;
				PRODUCT_NAME = "$(TARGET_NAME)";
				SDKROOT = macosx;
				SPACEMENDER_SIGNING_IDENTITY = "Developer ID Application";
				SPACEMENDER_TEAM_ID = "";
				SWIFT_ACTIVE_COMPILATION_CONDITIONS = DEBUG;
				SWIFT_OPTIMIZATION_LEVEL = "-Onone";
				SWIFT_VERSION = 6.0;
			};
			name = Debug;
		};
		6A71B17E1854F10BDBEDE53B /* Debug */ = {
			isa = XCBuildConfiguration;
			buildSettings = {
				BUNDLE_LOADER = "$(TEST_HOST)";
				CODE_SIGN_IDENTITY = "-";
				CODE_SIGN_STYLE = Manual;
				COMBINE_HIDPI_IMAGES = YES;
				GENERATE_INFOPLIST_FILE = YES;
				LD_RUNPATH_SEARCH_PATHS = (
					"$(inherited)",
					"@executable_path/../Frameworks",
					"@loader_path/../Frameworks",
				);
				PRODUCT_BUNDLE_IDENTIFIER = app.spacemender.SpaceMenderTests;
				SDKROOT = macosx;
				TEST_HOST = "$(BUILT_PRODUCTS_DIR)/SpaceMender.app/Contents/MacOS/SpaceMender";
			};
			name = Debug;
		};
		9AAE495422EC32D4830500F0 /* Debug */ = {
			isa = XCBuildConfiguration;
			buildSettings = {
				CODE_SIGN_ENTITLEMENTS = Configuration/DefenderHelper.entitlements;
				CODE_SIGN_IDENTITY = "-";
				CODE_SIGN_STYLE = Manual;
				COMBINE_HIDPI_IMAGES = YES;
				CREATE_INFOPLIST_SECTION_IN_BINARY = YES;
				ENABLE_HARDENED_RUNTIME = YES;
				INFOPLIST_FILE = "Configuration/DefenderHelper-Info.plist";
				LD_RUNPATH_SEARCH_PATHS = (
					"$(inherited)",
					"@executable_path/../Frameworks",
				);
				PRODUCT_BUNDLE_IDENTIFIER = app.spacemender.SpaceMender.DefenderHelper;
				PRODUCT_NAME = SpaceMenderDefenderHelper;
				SDKROOT = macosx;
			};
			name = Debug;
		};
		ACAB45A573DF2A57997F9C8A /* Release */ = {
			isa = XCBuildConfiguration;
			buildSettings = {
				CODE_SIGN_ENTITLEMENTS = Configuration/DefenderHelper.entitlements;
				CODE_SIGN_IDENTITY = "$(SPACEMENDER_SIGNING_IDENTITY)";
				CODE_SIGN_INJECT_BASE_ENTITLEMENTS = NO;
				CODE_SIGN_STYLE = Manual;
				COMBINE_HIDPI_IMAGES = YES;
				CREATE_INFOPLIST_SECTION_IN_BINARY = YES;
				DEVELOPMENT_TEAM = "$(SPACEMENDER_TEAM_ID)";
				ENABLE_HARDENED_RUNTIME = YES;
				INFOPLIST_FILE = "Configuration/DefenderHelper-Info.plist";
				LD_RUNPATH_SEARCH_PATHS = (
					"$(inherited)",
					"@executable_path/../Frameworks",
				);
				OTHER_CODE_SIGN_FLAGS = "--timestamp";
				PRODUCT_BUNDLE_IDENTIFIER = app.spacemender.SpaceMender.DefenderHelper;
				PRODUCT_NAME = SpaceMenderDefenderHelper;
				SDKROOT = macosx;
			};
			name = Release;
		};
		BD08E50D5EC46B421752419B /* Release */ = {
			isa = XCBuildConfiguration;
			buildSettings = {
				ASSETCATALOG_COMPILER_APPICON_NAME = AppIcon;
				CODE_SIGN_ENTITLEMENTS = Configuration/SpaceMender.entitlements;
				CODE_SIGN_IDENTITY = "$(SPACEMENDER_SIGNING_IDENTITY)";
				CODE_SIGN_INJECT_BASE_ENTITLEMENTS = NO;
				CODE_SIGN_STYLE = Manual;
				COMBINE_HIDPI_IMAGES = YES;
				DEVELOPMENT_TEAM = "$(SPACEMENDER_TEAM_ID)";
				ENABLE_APP_SANDBOX = NO;
				ENABLE_HARDENED_RUNTIME = YES;
				GENERATE_INFOPLIST_FILE = YES;
				INFOPLIST_KEY_CFBundleDisplayName = SpaceMender;
				INFOPLIST_KEY_LSApplicationCategoryType = "public.app-category.utilities";
				LD_RUNPATH_SEARCH_PATHS = (
					"$(inherited)",
					"@executable_path/../Frameworks",
				);
				OTHER_CODE_SIGN_FLAGS = "--timestamp";
				PRODUCT_BUNDLE_IDENTIFIER = app.spacemender.SpaceMender;
				PRODUCT_NAME = SpaceMender;
				SDKROOT = macosx;
			};
			name = Release;
		};
		BE1941D0CA3DFEE80F921ECA /* Release */ = {
			isa = XCBuildConfiguration;
			buildSettings = {
				ALWAYS_SEARCH_USER_PATHS = NO;
				CLANG_ANALYZER_NONNULL = YES;
				CLANG_ANALYZER_NUMBER_OBJECT_CONVERSION = YES_AGGRESSIVE;
				CLANG_CXX_LANGUAGE_STANDARD = "gnu++14";
				CLANG_CXX_LIBRARY = "libc++";
				CLANG_ENABLE_MODULES = YES;
				CLANG_ENABLE_OBJC_ARC = YES;
				CLANG_ENABLE_OBJC_WEAK = YES;
				CLANG_WARN_BLOCK_CAPTURE_AUTORELEASING = YES;
				CLANG_WARN_BOOL_CONVERSION = YES;
				CLANG_WARN_COMMA = YES;
				CLANG_WARN_CONSTANT_CONVERSION = YES;
				CLANG_WARN_DEPRECATED_OBJC_IMPLEMENTATIONS = YES;
				CLANG_WARN_DIRECT_OBJC_ISA_USAGE = YES_ERROR;
				CLANG_WARN_DOCUMENTATION_COMMENTS = YES;
				CLANG_WARN_EMPTY_BODY = YES;
				CLANG_WARN_ENUM_CONVERSION = YES;
				CLANG_WARN_INFINITE_RECURSION = YES;
				CLANG_WARN_INT_CONVERSION = YES;
				CLANG_WARN_NON_LITERAL_NULL_CONVERSION = YES;
				CLANG_WARN_OBJC_IMPLICIT_RETAIN_SELF = YES;
				CLANG_WARN_OBJC_LITERAL_CONVERSION = YES;
				CLANG_WARN_OBJC_ROOT_CLASS = YES_ERROR;
				CLANG_WARN_QUOTED_INCLUDE_IN_FRAMEWORK_HEADER = YES;
				CLANG_WARN_RANGE_LOOP_ANALYSIS = YES;
				CLANG_WARN_STRICT_PROTOTYPES = YES;
				CLANG_WARN_SUSPICIOUS_MOVE = YES;
				CLANG_WARN_UNGUARDED_AVAILABILITY = YES_AGGRESSIVE;
				CLANG_WARN_UNREACHABLE_CODE = YES;
				CLANG_WARN__DUPLICATE_METHOD_MATCH = YES;
				COPY_PHASE_STRIP = NO;
				CURRENT_PROJECT_VERSION = 1;
				DEBUG_INFORMATION_FORMAT = "dwarf-with-dsym";
				ENABLE_NS_ASSERTIONS = NO;
				ENABLE_STRICT_OBJC_MSGSEND = YES;
				GCC_C_LANGUAGE_STANDARD = gnu11;
				GCC_NO_COMMON_BLOCKS = YES;
				GCC_WARN_64_TO_32_BIT_CONVERSION = YES;
				GCC_WARN_ABOUT_RETURN_TYPE = YES_ERROR;
				GCC_WARN_UNDECLARED_SELECTOR = YES;
				GCC_WARN_UNINITIALIZED_AUTOS = YES_AGGRESSIVE;
				GCC_WARN_UNUSED_FUNCTION = YES;
				GCC_WARN_UNUSED_VARIABLE = YES;
				MACOSX_DEPLOYMENT_TARGET = 14.0;
				MARKETING_VERSION = 0.1.0;
				MTL_ENABLE_DEBUG_INFO = NO;
				MTL_FAST_MATH = YES;
				PRODUCT_NAME = "$(TARGET_NAME)";
				SDKROOT = macosx;
				SPACEMENDER_SIGNING_IDENTITY = "Developer ID Application";
				SPACEMENDER_TEAM_ID = "";
				SWIFT_COMPILATION_MODE = wholemodule;
				SWIFT_OPTIMIZATION_LEVEL = "-O";
				SWIFT_VERSION = 6.0;
			};
			name = Release;
		};
		E49605B5010E25DE8C553D06 /* Debug */ = {
			isa = XCBuildConfiguration;
			buildSettings = {
				ASSETCATALOG_COMPILER_APPICON_NAME = AppIcon;
				CODE_SIGN_ENTITLEMENTS = Configuration/SpaceMender.entitlements;
				CODE_SIGN_IDENTITY = "-";
				CODE_SIGN_STYLE = Manual;
				COMBINE_HIDPI_IMAGES = YES;
				ENABLE_APP_SANDBOX = NO;
				ENABLE_HARDENED_RUNTIME = YES;
				GENERATE_INFOPLIST_FILE = YES;
				INFOPLIST_KEY_CFBundleDisplayName = SpaceMender;
				INFOPLIST_KEY_LSApplicationCategoryType = "public.app-category.utilities";
				LD_RUNPATH_SEARCH_PATHS = (
					"$(inherited)",
					"@executable_path/../Frameworks",
				);
				PRODUCT_BUNDLE_IDENTIFIER = app.spacemender.SpaceMender;
				PRODUCT_NAME = SpaceMender;
				SDKROOT = macosx;
			};
			name = Debug;
		};
/* End XCBuildConfiguration section */

/* Begin XCConfigurationList section */
		3413C123DFCDDDD840F2272F /* Build configuration list for PBXProject "SpaceMender" */ = {
			isa = XCConfigurationList;
			buildConfigurations = (
				51E02B20838D8E4FE10F8090 /* Debug */,
				BE1941D0CA3DFEE80F921ECA /* Release */,
			);
			defaultConfigurationIsVisible = 0;
			defaultConfigurationName = Debug;
		};
		7FBC11582CBDCB59C11807D2 /* Build configuration list for PBXNativeTarget "SpaceMenderDefenderHelper" */ = {
			isa = XCConfigurationList;
			buildConfigurations = (
				9AAE495422EC32D4830500F0 /* Debug */,
				ACAB45A573DF2A57997F9C8A /* Release */,
			);
			defaultConfigurationIsVisible = 0;
			defaultConfigurationName = Debug;
		};
		E951C87481B6C7F43A5293C8 /* Build configuration list for PBXNativeTarget "SpaceMender" */ = {
			isa = XCConfigurationList;
			buildConfigurations = (
				E49605B5010E25DE8C553D06 /* Debug */,
				BD08E50D5EC46B421752419B /* Release */,
			);
			defaultConfigurationIsVisible = 0;
			defaultConfigurationName = Debug;
		};
		F5F940775F6B2D4277E260EF /* Build configuration list for PBXNativeTarget "SpaceMenderTests" */ = {
			isa = XCConfigurationList;
			buildConfigurations = (
				6A71B17E1854F10BDBEDE53B /* Debug */,
				1CE1BE73B0BD1E80E5848B0C /* Release */,
			);
			defaultConfigurationIsVisible = 0;
			defaultConfigurationName = Debug;
		};
/* End XCConfigurationList section */
	};
	rootObject = 32CA9F9D6B7C9545CB99ECDE /* Project object */;
}
